
Microsoft Visual Studio Solution File, Format Version 12.00
# Visual Studio Version 17
VisualStudioVersion = 17.13.35919.96 d17.13
MinimumVisualStudioVersion = 10.0.40219.1
Project("{FAE04EC0-301F-11D3-BF4B-00C04F79EFBC}") = "FinScope", "FinScope.csproj", "{245BCC57-8FFD-46A1-8A63-2CABFEFA7889}"
EndProject
Global
	GlobalSection(SolutionConfigurationPlatforms) = preSolution
		Debug|Any CPU = Debug|Any CPU
		Release|Any CPU = Release|Any CPU
	EndGlobalSection
	GlobalSection(ProjectConfigurationPlatforms) = postSolution
		{245BCC57-8FFD-46A1-8A63-2CABFEFA7889}.Debug|Any CPU.ActiveCfg = Debug|Any CPU
		{245BCC57-8FFD-46A1-8A63-2CABFEFA7889}.Debug|Any CPU.Build.0 = Debug|Any CPU
		{245BCC57-8FFD-46A1-8A63-2CABFEFA7889}.Release|Any CPU.ActiveCfg = Release|Any CPU
		{245BCC57-8FFD-46A1-8A63-2CABFEFA7889}.Release|Any CPU.Build.0 = Release|Any CPU
	EndGlobalSection
	GlobalSection(SolutionProperties) = preSolution
		HideSolutionNode = FALSE
	EndGlobalSection
	GlobalSection(ExtensibilityGlobals) = postSolution
		SolutionGuid = {699F935E-B8D8-4CCB-B3F5-022661BD46C3}
	EndGlobalSection
EndGlobal
